version = 1
revision = 3
requires-python = ">=3.12"

[[package]]
name = "harness-kit"
version = "0.2.0"
source = { git = "https://github.com/smorinlabs/harness-kit#f41be221347801cd8ea2695e939979287cbc8df6" }

[[package]]
name = "smorinlabs-harness"
version = "0.3.0"
source = { virtual = "." }

[package.dev-dependencies]
dev = [
    { name = "harness-kit" },
]

[package.metadata]

[package.metadata.requires-dev]
dev = [{ name = "harness-kit", git = "https://github.com/smorinlabs/harness-kit" }]
