version = 1
revision = 3
requires-python = ">=3.12"

[[package]]
name = "harness-kit"
version = "0.2.1"
source = { git = "https://github.com/smorinlabs/harness-kit#72cf4e1a42c57acbf4b9cd2e21a94f93e5b591e1" }

[[package]]
name = "smorinlabs-harness"
version = "0.15.1"
source = { virtual = "." }

[package.dev-dependencies]
dev = [
    { name = "harness-kit" },
]

[package.metadata]

[package.metadata.requires-dev]
dev = [{ name = "harness-kit", git = "https://github.com/smorinlabs/harness-kit" }]
